
Microsoft Visual Studio Solution File, Format Version 12.00
# Visual Studio 15
VisualStudioVersion = 15.0.27130.2026
MinimumVisualStudioVersion = 10.0.40219.1
Project("{FAE04EC0-301F-11D3-BF4B-00C04F79EFBC}") = "Documaster.Model", "Documaster.Model\Documaster.Model.csproj", "{3AE122F5-F4D2-4CD8-871E-F6F50C6DDC8A}"
EndProject
Project("{FAE04EC0-301F-11D3-BF4B-00C04F79EFBC}") = "Documaster.Data", "Documaster.Data\Documaster.Data.csproj", "{F9CEB6FE-8E24-4DD7-8BBC-348D4A7E5DD9}"
EndProject
Project("{FAE04EC0-301F-11D3-BF4B-00C04F79EFBC}") = "Documaster.Business", "Documaster.Business\Documaster.Business.csproj", "{546A77BC-35B4-4228-8949-F38F1BA94599}"
EndProject
Project("{FAE04EC0-301F-11D3-BF4B-00C04F79EFBC}") = "Documaster.Ui", "Documaster.Ui\Documaster.Ui.csproj", "{5310503C-9812-4620-8A75-586103D67FAB}"
EndProject
Global
	GlobalSection(SolutionConfigurationPlatforms) = preSolution
		Debug|Any CPU = Debug|Any CPU
		Release|Any CPU = Release|Any CPU
	EndGlobalSection
	GlobalSection(ProjectConfigurationPlatforms) = postSolution
		{3AE122F5-F4D2-4CD8-871E-F6F50C6DDC8A}.Debug|Any CPU.ActiveCfg = Debug|Any CPU
		{3AE122F5-F4D2-4CD8-871E-F6F50C6DDC8A}.Debug|Any CPU.Build.0 = Debug|Any CPU
		{3AE122F5-F4D2-4CD8-871E-F6F50C6DDC8A}.Release|Any CPU.ActiveCfg = Release|Any CPU
		{3AE122F5-F4D2-4CD8-871E-F6F50C6DDC8A}.Release|Any CPU.Build.0 = Release|Any CPU
		{F9CEB6FE-8E24-4DD7-8BBC-348D4A7E5DD9}.Debug|Any CPU.ActiveCfg = Debug|Any CPU
		{F9CEB6FE-8E24-4DD7-8BBC-348D4A7E5DD9}.Debug|Any CPU.Build.0 = Debug|Any CPU
		{F9CEB6FE-8E24-4DD7-8BBC-348D4A7E5DD9}.Release|Any CPU.ActiveCfg = Release|Any CPU
		{F9CEB6FE-8E24-4DD7-8BBC-348D4A7E5DD9}.Release|Any CPU.Build.0 = Release|Any CPU
		{546A77BC-35B4-4228-8949-F38F1BA94599}.Debug|Any CPU.ActiveCfg = Debug|Any CPU
		{546A77BC-35B4-4228-8949-F38F1BA94599}.Debug|Any CPU.Build.0 = Debug|Any CPU
		{546A77BC-35B4-4228-8949-F38F1BA94599}.Release|Any CPU.ActiveCfg = Release|Any CPU
		{546A77BC-35B4-4228-8949-F38F1BA94599}.Release|Any CPU.Build.0 = Release|Any CPU
		{5310503C-9812-4620-8A75-586103D67FAB}.Debug|Any CPU.ActiveCfg = Debug|Any CPU
		{5310503C-9812-4620-8A75-586103D67FAB}.Debug|Any CPU.Build.0 = Debug|Any CPU
		{5310503C-9812-4620-8A75-586103D67FAB}.Release|Any CPU.ActiveCfg = Release|Any CPU
		{5310503C-9812-4620-8A75-586103D67FAB}.Release|Any CPU.Build.0 = Release|Any CPU
	EndGlobalSection
	GlobalSection(SolutionProperties) = preSolution
		HideSolutionNode = FALSE
	EndGlobalSection
	GlobalSection(ExtensibilityGlobals) = postSolution
		SolutionGuid = {2FA17BA3-CE94-4A7E-B2C1-9DC2B93B506B}
	EndGlobalSection
EndGlobal
